// !$*UTF8*$!
{
	archiveVersion = 1;
	classes = {
	};
	objectVersion = 50;
	objects = {

/* Begin PBXBuildFile section */
		149053EF236F8CEF00D36A10 /* Metadata.swift in Sources */ = {isa = PBXBuildFile; fileRef = 149053EE236F8CEF00D36A10 /* Metadata.swift */; };
		149053F1236F8FA800D36A10 /* SongThumbnail.swift in Sources */ = {isa = PBXBuildFile; fileRef = 149053F0236F8FA800D36A10 /* SongThumbnail.swift */; };
		1494C8FA2371D37800F0C68E /* SongInfoView.swift in Sources */ = {isa = PBXBuildFile; fileRef = 1494C8F92371D37800F0C68E /* SongInfoView.swift */; };
		14DC88202372320100EEDC93 /* testfileview.swift in Sources */ = {isa = PBXBuildFile; fileRef = 14DC881F2372320100EEDC93 /* testfileview.swift */; };
		722A8945236F643C0030B009 /* AppDelegate.swift in Sources */ = {isa = PBXBuildFile; fileRef = 722A8944236F643C0030B009 /* AppDelegate.swift */; };
		722A8947236F643C0030B009 /* SceneDelegate.swift in Sources */ = {isa = PBXBuildFile; fileRef = 722A8946236F643C0030B009 /* SceneDelegate.swift */; };
		722A8949236F643C0030B009 /* ContentView.swift in Sources */ = {isa = PBXBuildFile; fileRef = 722A8948236F643C0030B009 /* ContentView.swift */; };
		722A894B236F643E0030B009 /* Assets.xcassets in Resources */ = {isa = PBXBuildFile; fileRef = 722A894A236F643E0030B009 /* Assets.xcassets */; };
		722A894E236F643E0030B009 /* Preview Assets.xcassets in Resources */ = {isa = PBXBuildFile; fileRef = 722A894D236F643E0030B009 /* Preview Assets.xcassets */; };
		722A8951236F643E0030B009 /* LaunchScreen.storyboard in Resources */ = {isa = PBXBuildFile; fileRef = 722A894F236F643E0030B009 /* LaunchScreen.storyboard */; };
		722A8959236F65CC0030B009 /* AddMusic.swift in Sources */ = {isa = PBXBuildFile; fileRef = 722A8958236F65CC0030B009 /* AddMusic.swift */; };
		722A895B236F65DA0030B009 /* SelectMusic.swift in Sources */ = {isa = PBXBuildFile; fileRef = 722A895A236F65DA0030B009 /* SelectMusic.swift */; };
		722A895D236F65F80030B009 /* LandingPage.swift in Sources */ = {isa = PBXBuildFile; fileRef = 722A895C236F65F80030B009 /* LandingPage.swift */; };
		722A895F236F662C0030B009 /* PlayMode.swift in Sources */ = {isa = PBXBuildFile; fileRef = 722A895E236F662C0030B009 /* PlayMode.swift */; };
		729620432373F6ED00706B82 /* PracticePerfect.xcdatamodeld in Sources */ = {isa = PBXBuildFile; fileRef = 729620412373F6ED00706B82 /* PracticePerfect.xcdatamodeld */; };
		7296206C237405B400706B82 /* Song+CoreDataProperties.swift in Sources */ = {isa = PBXBuildFile; fileRef = 7296206A237405B300706B82 /* Song+CoreDataProperties.swift */; };
		7296206D237405B400706B82 /* Song+CoreDataClass.swift in Sources */ = {isa = PBXBuildFile; fileRef = 7296206B237405B400706B82 /* Song+CoreDataClass.swift */; };
		BD3E0B65237A2645003F04A8 /* Data.swift in Sources */ = {isa = PBXBuildFile; fileRef = BD3E0B64237A2645003F04A8 /* Data.swift */; };
		BD3E0B67237A2DCC003F04A8 /* PieceRowView.swift in Sources */ = {isa = PBXBuildFile; fileRef = BD3E0B66237A2DCC003F04A8 /* PieceRowView.swift */; };
		BD3E0B69237A30FE003F04A8 /* PieceDetailView.swift in Sources */ = {isa = PBXBuildFile; fileRef = BD3E0B68237A30FE003F04A8 /* PieceDetailView.swift */; };
		BD51384E236F7401004F2220 /* SettingsView.swift in Sources */ = {isa = PBXBuildFile; fileRef = BD51384D236F7401004F2220 /* SettingsView.swift */; };
		BD513850236F7416004F2220 /* TunerView.swift in Sources */ = {isa = PBXBuildFile; fileRef = BD51384F236F7416004F2220 /* TunerView.swift */; };
		BD92FECD2374D8E10074FD59 /* Exercises.json in Resources */ = {isa = PBXBuildFile; fileRef = BD92FECC2374D8E10074FD59 /* Exercises.json */; };
		BD92FECF2374DC240074FD59 /* PracticeView.swift in Sources */ = {isa = PBXBuildFile; fileRef = BD92FECE2374DC240074FD59 /* PracticeView.swift */; };
		BD9597EF23732FD6002A9651 /* Note.swift in Sources */ = {isa = PBXBuildFile; fileRef = BD9597EE23732FD6002A9651 /* Note.swift */; };
		BD9597F123732FEB002A9651 /* Pitch.swift in Sources */ = {isa = PBXBuildFile; fileRef = BD9597F023732FEB002A9651 /* Pitch.swift */; };
		BD9597F323733001002A9651 /* Tuner.swift in Sources */ = {isa = PBXBuildFile; fileRef = BD9597F223733001002A9651 /* Tuner.swift */; };
		FAA68EFEE96328AD27728E5B /* Pods_PracticePerfect.framework in Frameworks */ = {isa = PBXBuildFile; fileRef = 2F26B960D3D2AC80222CE615 /* Pods_PracticePerfect.framework */; };
/* End PBXBuildFile section */

/* Begin PBXFileReference section */
		149053EE236F8CEF00D36A10 /* Metadata.swift */ = {isa = PBXFileReference; lastKnownFileType = sourcecode.swift; name = Metadata.swift; path = PracticePerfect/Metadata.swift; sourceTree = SOURCE_ROOT; };
		149053F0236F8FA800D36A10 /* SongThumbnail.swift */ = {isa = PBXFileReference; lastKnownFileType = sourcecode.swift; path = SongThumbnail.swift; sourceTree = "<group>"; };
		1494C8F92371D37800F0C68E /* SongInfoView.swift */ = {isa = PBXFileReference; lastKnownFileType = sourcecode.swift; path = SongInfoView.swift; sourceTree = "<group>"; };
		14DC881F2372320100EEDC93 /* testfileview.swift */ = {isa = PBXFileReference; lastKnownFileType = sourcecode.swift; path = testfileview.swift; sourceTree = "<group>"; };
		2F26B960D3D2AC80222CE615 /* Pods_PracticePerfect.framework */ = {isa = PBXFileReference; explicitFileType = wrapper.framework; includeInIndex = 0; path = Pods_PracticePerfect.framework; sourceTree = BUILT_PRODUCTS_DIR; };
		36D794BC0AE93474820CFDBB /* Pods-PracticePerfect.debug.xcconfig */ = {isa = PBXFileReference; includeInIndex = 1; lastKnownFileType = text.xcconfig; name = "Pods-PracticePerfect.debug.xcconfig"; path = "Target Support Files/Pods-PracticePerfect/Pods-PracticePerfect.debug.xcconfig"; sourceTree = "<group>"; };
		722A8941236F643C0030B009 /* PracticePerfect.app */ = {isa = PBXFileReference; explicitFileType = wrapper.application; includeInIndex = 0; path = PracticePerfect.app; sourceTree = BUILT_PRODUCTS_DIR; };
		722A8944236F643C0030B009 /* AppDelegate.swift */ = {isa = PBXFileReference; lastKnownFileType = sourcecode.swift; path = AppDelegate.swift; sourceTree = "<group>"; };
		722A8946236F643C0030B009 /* SceneDelegate.swift */ = {isa = PBXFileReference; lastKnownFileType = sourcecode.swift; path = SceneDelegate.swift; sourceTree = "<group>"; };
		722A8948236F643C0030B009 /* ContentView.swift */ = {isa = PBXFileReference; lastKnownFileType = sourcecode.swift; path = ContentView.swift; sourceTree = "<group>"; };
		722A894A236F643E0030B009 /* Assets.xcassets */ = {isa = PBXFileReference; lastKnownFileType = folder.assetcatalog; path = Assets.xcassets; sourceTree = "<group>"; };
		722A894D236F643E0030B009 /* Preview Assets.xcassets */ = {isa = PBXFileReference; lastKnownFileType = folder.assetcatalog; path = "Preview Assets.xcassets"; sourceTree = "<group>"; };
		722A8950236F643E0030B009 /* Base */ = {isa = PBXFileReference; lastKnownFileType = file.storyboard; name = Base; path = Base.lproj/LaunchScreen.storyboard; sourceTree = "<group>"; };
		722A8952236F643E0030B009 /* Info.plist */ = {isa = PBXFileReference; lastKnownFileType = text.plist.xml; path = Info.plist; sourceTree = "<group>"; };
		722A8958236F65CC0030B009 /* AddMusic.swift */ = {isa = PBXFileReference; lastKnownFileType = sourcecode.swift; path = AddMusic.swift; sourceTree = "<group>"; };
		722A895A236F65DA0030B009 /* SelectMusic.swift */ = {isa = PBXFileReference; lastKnownFileType = sourcecode.swift; path = SelectMusic.swift; sourceTree = "<group>"; };
		722A895C236F65F80030B009 /* LandingPage.swift */ = {isa = PBXFileReference; lastKnownFileType = sourcecode.swift; path = LandingPage.swift; sourceTree = "<group>"; };
		722A895E236F662C0030B009 /* PlayMode.swift */ = {isa = PBXFileReference; lastKnownFileType = sourcecode.swift; path = PlayMode.swift; sourceTree = "<group>"; };
		729620422373F6ED00706B82 /* PracticePerfect.xcdatamodel */ = {isa = PBXFileReference; lastKnownFileType = wrapper.xcdatamodel; path = PracticePerfect.xcdatamodel; sourceTree = "<group>"; };
		7296206A237405B300706B82 /* Song+CoreDataProperties.swift */ = {isa = PBXFileReference; fileEncoding = 4; lastKnownFileType = sourcecode.swift; name = "Song+CoreDataProperties.swift"; path = "PracticePerfect/Data/Song+CoreDataProperties.swift"; sourceTree = SOURCE_ROOT; };
		7296206B237405B400706B82 /* Song+CoreDataClass.swift */ = {isa = PBXFileReference; fileEncoding = 4; lastKnownFileType = sourcecode.swift; name = "Song+CoreDataClass.swift"; path = "PracticePerfect/Data/Song+CoreDataClass.swift"; sourceTree = SOURCE_ROOT; };
		AE4CBC2ABD6D6E4986B1F28B /* Pods-PracticePerfect.release.xcconfig */ = {isa = PBXFileReference; includeInIndex = 1; lastKnownFileType = text.xcconfig; name = "Pods-PracticePerfect.release.xcconfig"; path = "Target Support Files/Pods-PracticePerfect/Pods-PracticePerfect.release.xcconfig"; sourceTree = "<group>"; };
		BD3E0B64237A2645003F04A8 /* Data.swift */ = {isa = PBXFileReference; lastKnownFileType = sourcecode.swift; name = Data.swift; path = PracticePerfect/Data.swift; sourceTree = SOURCE_ROOT; };
		BD3E0B66237A2DCC003F04A8 /* PieceRowView.swift */ = {isa = PBXFileReference; lastKnownFileType = sourcecode.swift; path = PieceRowView.swift; sourceTree = "<group>"; };
		BD3E0B68237A30FE003F04A8 /* PieceDetailView.swift */ = {isa = PBXFileReference; lastKnownFileType = sourcecode.swift; path = PieceDetailView.swift; sourceTree = "<group>"; };
		BD51384D236F7401004F2220 /* SettingsView.swift */ = {isa = PBXFileReference; lastKnownFileType = sourcecode.swift; path = SettingsView.swift; sourceTree = "<group>"; };
		BD51384F236F7416004F2220 /* TunerView.swift */ = {isa = PBXFileReference; lastKnownFileType = sourcecode.swift; path = TunerView.swift; sourceTree = "<group>"; };
		BD92FECC2374D8E10074FD59 /* Exercises.json */ = {isa = PBXFileReference; lastKnownFileType = text.json; path = Exercises.json; sourceTree = "<group>"; };
		BD92FECE2374DC240074FD59 /* PracticeView.swift */ = {isa = PBXFileReference; lastKnownFileType = sourcecode.swift; path = PracticeView.swift; sourceTree = "<group>"; };
		BD9597EE23732FD6002A9651 /* Note.swift */ = {isa = PBXFileReference; lastKnownFileType = sourcecode.swift; path = Note.swift; sourceTree = "<group>"; };
		BD9597F023732FEB002A9651 /* Pitch.swift */ = {isa = PBXFileReference; lastKnownFileType = sourcecode.swift; path = Pitch.swift; sourceTree = "<group>"; };
		BD9597F223733001002A9651 /* Tuner.swift */ = {isa = PBXFileReference; lastKnownFileType = sourcecode.swift; path = Tuner.swift; sourceTree = "<group>"; };
/* End PBXFileReference section */

/* Begin PBXFrameworksBuildPhase section */
		722A893E236F643C0030B009 /* Frameworks */ = {
			isa = PBXFrameworksBuildPhase;
			buildActionMask = 2147483647;
			files = (
				FAA68EFEE96328AD27728E5B /* Pods_PracticePerfect.framework in Frameworks */,
			);
			runOnlyForDeploymentPostprocessing = 0;
		};
/* End PBXFrameworksBuildPhase section */

/* Begin PBXGroup section */
		2E53E5ABCD8ADCB5CBACB7CC /* Pods */ = {
			isa = PBXGroup;
			children = (
				36D794BC0AE93474820CFDBB /* Pods-PracticePerfect.debug.xcconfig */,
				AE4CBC2ABD6D6E4986B1F28B /* Pods-PracticePerfect.release.xcconfig */,
			);
			path = Pods;
			sourceTree = "<group>";
		};
		34119B0AE12AD499A0C72846 /* Frameworks */ = {
			isa = PBXGroup;
			children = (
				2F26B960D3D2AC80222CE615 /* Pods_PracticePerfect.framework */,
			);
			name = Frameworks;
			sourceTree = "<group>";
		};
		722A8938236F643C0030B009 = {
			isa = PBXGroup;
			children = (
				722A8943236F643C0030B009 /* PracticePerfect */,
				722A8942236F643C0030B009 /* Products */,
				2E53E5ABCD8ADCB5CBACB7CC /* Pods */,
				34119B0AE12AD499A0C72846 /* Frameworks */,
			);
			sourceTree = "<group>";
		};
		722A8942236F643C0030B009 /* Products */ = {
			isa = PBXGroup;
			children = (
				722A8941236F643C0030B009 /* PracticePerfect.app */,
			);
			name = Products;
			sourceTree = "<group>";
		};
		722A8943236F643C0030B009 /* PracticePerfect */ = {
			isa = PBXGroup;
			children = (
				722A8952236F643E0030B009 /* Info.plist */,
				722A8958236F65CC0030B009 /* AddMusic.swift */,
				722A8944236F643C0030B009 /* AppDelegate.swift */,
				722A8948236F643C0030B009 /* ContentView.swift */,
				BD3E0B64237A2645003F04A8 /* Data.swift */,
				722A895C236F65F80030B009 /* LandingPage.swift */,
				149053EE236F8CEF00D36A10 /* Metadata.swift */,
				BD9597EE23732FD6002A9651 /* Note.swift */,
				BD3E0B68237A30FE003F04A8 /* PieceDetailView.swift */,
				BD3E0B66237A2DCC003F04A8 /* PieceRowView.swift */,
				BD9597F023732FEB002A9651 /* Pitch.swift */,
				722A895E236F662C0030B009 /* PlayMode.swift */,
				BD92FECE2374DC240074FD59 /* PracticeView.swift */,
				722A8946236F643C0030B009 /* SceneDelegate.swift */,
				722A895A236F65DA0030B009 /* SelectMusic.swift */,
				BD51384D236F7401004F2220 /* SettingsView.swift */,
				1494C8F92371D37800F0C68E /* SongInfoView.swift */,
				149053F0236F8FA800D36A10 /* SongThumbnail.swift */,
				14DC881F2372320100EEDC93 /* testfileview.swift */,
				BD9597F223733001002A9651 /* Tuner.swift */,
				BD51384F236F7416004F2220 /* TunerView.swift */,
				722A894A236F643E0030B009 /* Assets.xcassets */,
				729620692374056E00706B82 /* Data */,
				722A894F236F643E0030B009 /* LaunchScreen.storyboard */,
				722A894C236F643E0030B009 /* Preview Content */,
				7296203F2373F6AB00706B82 /* Resources */,
			);
			path = PracticePerfect;
			sourceTree = "<group>";
		};
		722A894C236F643E0030B009 /* Preview Content */ = {
			isa = PBXGroup;
			children = (
				722A894D236F643E0030B009 /* Preview Assets.xcassets */,
			);
			path = "Preview Content";
			sourceTree = "<group>";
		};
		7296203F2373F6AB00706B82 /* Resources */ = {
			isa = PBXGroup;
			children = (
				BD92FECC2374D8E10074FD59 /* Exercises.json */,
				729620412373F6ED00706B82 /* PracticePerfect.xcdatamodeld */,
			);
			name = Resources;
			path = ../Resources;
			sourceTree = "<group>";
		};
		729620692374056E00706B82 /* Data */ = {
			isa = PBXGroup;
			children = (
				7296206B237405B400706B82 /* Song+CoreDataClass.swift */,
				7296206A237405B300706B82 /* Song+CoreDataProperties.swift */,
			);
			path = Data;
			sourceTree = "<group>";
		};
/* End PBXGroup section */

/* Begin PBXNativeTarget section */
		722A8940236F643C0030B009 /* PracticePerfect */ = {
			isa = PBXNativeTarget;
			buildConfigurationList = 722A8955236F643E0030B009 /* Build configuration list for PBXNativeTarget "PracticePerfect" */;
			buildPhases = (
				6D9004AEE07F71C95BC02267 /* [CP] Check Pods Manifest.lock */,
				722A893D236F643C0030B009 /* Sources */,
				722A893E236F643C0030B009 /* Frameworks */,
				722A893F236F643C0030B009 /* Resources */,
			);
			buildRules = (
			);
			dependencies = (
			);
			name = PracticePerfect;
			productName = PracticePerfect;
			productReference = 722A8941236F643C0030B009 /* PracticePerfect.app */;
			productType = "com.apple.product-type.application";
		};
/* End PBXNativeTarget section */

/* Begin PBXProject section */
		722A8939236F643C0030B009 /* Project object */ = {
			isa = PBXProject;
			attributes = {
				LastSwiftUpdateCheck = 1110;
				LastUpgradeCheck = 1110;
				ORGANIZATIONNAME = CS98PracticePerfect;
				TargetAttributes = {
					722A8940236F643C0030B009 = {
						CreatedOnToolsVersion = 11.1;
					};
				};
			};
			buildConfigurationList = 722A893C236F643C0030B009 /* Build configuration list for PBXProject "PracticePerfect" */;
			compatibilityVersion = "Xcode 9.3";
			developmentRegion = en;
			hasScannedForEncodings = 0;
			knownRegions = (
				en,
				Base,
			);
			mainGroup = 722A8938236F643C0030B009;
			productRefGroup = 722A8942236F643C0030B009 /* Products */;
			projectDirPath = "";
			projectRoot = "";
			targets = (
				722A8940236F643C0030B009 /* PracticePerfect */,
			);
		};
/* End PBXProject section */

/* Begin PBXResourcesBuildPhase section */
		722A893F236F643C0030B009 /* Resources */ = {
			isa = PBXResourcesBuildPhase;
			buildActionMask = 2147483647;
			files = (
				BD92FECD2374D8E10074FD59 /* Exercises.json in Resources */,
				722A8951236F643E0030B009 /* LaunchScreen.storyboard in Resources */,
				722A894E236F643E0030B009 /* Preview Assets.xcassets in Resources */,
				722A894B236F643E0030B009 /* Assets.xcassets in Resources */,
			);
			runOnlyForDeploymentPostprocessing = 0;
		};
/* End PBXResourcesBuildPhase section */

/* Begin PBXShellScriptBuildPhase section */
		6D9004AEE07F71C95BC02267 /* [CP] Check Pods Manifest.lock */ = {
			isa = PBXShellScriptBuildPhase;
			buildActionMask = 2147483647;
			files = (
			);
			inputFileListPaths = (
			);
			inputPaths = (
				"${PODS_PODFILE_DIR_PATH}/Podfile.lock",
				"${PODS_ROOT}/Manifest.lock",
			);
			name = "[CP] Check Pods Manifest.lock";
			outputFileListPaths = (
			);
			outputPaths = (
				"$(DERIVED_FILE_DIR)/Pods-PracticePerfect-checkManifestLockResult.txt",
			);
			runOnlyForDeploymentPostprocessing = 0;
			shellPath = /bin/sh;
			shellScript = "diff \"${PODS_PODFILE_DIR_PATH}/Podfile.lock\" \"${PODS_ROOT}/Manifest.lock\" > /dev/null\nif [ $? != 0 ] ; then\n    # print error to STDERR\n    echo \"error: The sandbox is not in sync with the Podfile.lock. Run 'pod install' or update your CocoaPods installation.\" >&2\n    exit 1\nfi\n# This output is used by Xcode 'outputs' to avoid re-running this script phase.\necho \"SUCCESS\" > \"${SCRIPT_OUTPUT_FILE_0}\"\n";
			showEnvVarsInLog = 0;
		};
/* End PBXShellScriptBuildPhase section */

/* Begin PBXSourcesBuildPhase section */
		722A893D236F643C0030B009 /* Sources */ = {
			isa = PBXSourcesBuildPhase;
			buildActionMask = 2147483647;
			files = (
				722A8945236F643C0030B009 /* AppDelegate.swift in Sources */,
				BD51384E236F7401004F2220 /* SettingsView.swift in Sources */,
				1494C8FA2371D37800F0C68E /* SongInfoView.swift in Sources */,
				BD513850236F7416004F2220 /* TunerView.swift in Sources */,
				BD9597F323733001002A9651 /* Tuner.swift in Sources */,
				722A895B236F65DA0030B009 /* SelectMusic.swift in Sources */,
				7296206C237405B400706B82 /* Song+CoreDataProperties.swift in Sources */,
				BD3E0B65237A2645003F04A8 /* Data.swift in Sources */,
				149053EF236F8CEF00D36A10 /* Metadata.swift in Sources */,
				722A895D236F65F80030B009 /* LandingPage.swift in Sources */,
				7296206D237405B400706B82 /* Song+CoreDataClass.swift in Sources */,
				722A8947236F643C0030B009 /* SceneDelegate.swift in Sources */,
				BD92FECF2374DC240074FD59 /* PracticeView.swift in Sources */,
				722A895F236F662C0030B009 /* PlayMode.swift in Sources */,
				BD3E0B67237A2DCC003F04A8 /* PieceRowView.swift in Sources */,
				729620432373F6ED00706B82 /* PracticePerfect.xcdatamodeld in Sources */,
				BD3E0B69237A30FE003F04A8 /* PieceDetailView.swift in Sources */,
				BD9597F123732FEB002A9651 /* Pitch.swift in Sources */,
				BD9597EF23732FD6002A9651 /* Note.swift in Sources */,
				722A8949236F643C0030B009 /* ContentView.swift in Sources */,
				14DC88202372320100EEDC93 /* testfileview.swift in Sources */,
				149053F1236F8FA800D36A10 /* SongThumbnail.swift in Sources */,
				722A8959236F65CC0030B009 /* AddMusic.swift in Sources */,
			);
			runOnlyForDeploymentPostprocessing = 0;
		};
/* End PBXSourcesBuildPhase section */

/* Begin PBXVariantGroup section */
		722A894F236F643E0030B009 /* LaunchScreen.storyboard */ = {
			isa = PBXVariantGroup;
			children = (
				722A8950236F643E0030B009 /* Base */,
			);
			name = LaunchScreen.storyboard;
			sourceTree = "<group>";
		};
/* End PBXVariantGroup section */

/* Begin XCBuildConfiguration section */
		722A8953236F643E0030B009 /* Debug */ = {
			isa = XCBuildConfiguration;
			buildSettings = {
				ALWAYS_SEARCH_USER_PATHS = NO;
				CLANG_ANALYZER_NONNULL = YES;
				CLANG_ANALYZER_NUMBER_OBJECT_CONVERSION = YES_AGGRESSIVE;
				CLANG_CXX_LANGUAGE_STANDARD = "gnu++14";
				CLANG_CXX_LIBRARY = "libc++";
				CLANG_ENABLE_MODULES = YES;
				CLANG_ENABLE_OBJC_ARC = YES;
				CLANG_ENABLE_OBJC_WEAK = YES;
				CLANG_WARN_BLOCK_CAPTURE_AUTORELEASING = YES;
				CLANG_WARN_BOOL_CONVERSION = YES;
				CLANG_WARN_COMMA = YES;
				CLANG_WARN_CONSTANT_CONVERSION = YES;
				CLANG_WARN_DEPRECATED_OBJC_IMPLEMENTATIONS = YES;
				CLANG_WARN_DIRECT_OBJC_ISA_USAGE = YES_ERROR;
				CLANG_WARN_DOCUMENTATION_COMMENTS = YES;
				CLANG_WARN_EMPTY_BODY = YES;
				CLANG_WARN_ENUM_CONVERSION = YES;
				CLANG_WARN_INFINITE_RECURSION = YES;
				CLANG_WARN_INT_CONVERSION = YES;
				CLANG_WARN_NON_LITERAL_NULL_CONVERSION = YES;
				CLANG_WARN_OBJC_IMPLICIT_RETAIN_SELF = YES;
				CLANG_WARN_OBJC_LITERAL_CONVERSION = YES;
				CLANG_WARN_OBJC_ROOT_CLASS = YES_ERROR;
				CLANG_WARN_RANGE_LOOP_ANALYSIS = YES;
				CLANG_WARN_STRICT_PROTOTYPES = YES;
				CLANG_WARN_SUSPICIOUS_MOVE = YES;
				CLANG_WARN_UNGUARDED_AVAILABILITY = YES_AGGRESSIVE;
				CLANG_WARN_UNREACHABLE_CODE = YES;
				CLANG_WARN__DUPLICATE_METHOD_MATCH = YES;
				COPY_PHASE_STRIP = NO;
				DEBUG_INFORMATION_FORMAT = dwarf;
				ENABLE_STRICT_OBJC_MSGSEND = YES;
				ENABLE_TESTABILITY = YES;
				GCC_C_LANGUAGE_STANDARD = gnu11;
				GCC_DYNAMIC_NO_PIC = NO;
				GCC_NO_COMMON_BLOCKS = YES;
				GCC_OPTIMIZATION_LEVEL = 0;
				GCC_PREPROCESSOR_DEFINITIONS = (
					"DEBUG=1",
					"$(inherited)",
				);
				GCC_WARN_64_TO_32_BIT_CONVERSION = YES;
				GCC_WARN_ABOUT_RETURN_TYPE = YES_ERROR;
				GCC_WARN_UNDECLARED_SELECTOR = YES;
				GCC_WARN_UNINITIALIZED_AUTOS = YES_AGGRESSIVE;
				GCC_WARN_UNUSED_FUNCTION = YES;
				GCC_WARN_UNUSED_VARIABLE = YES;
				IPHONEOS_DEPLOYMENT_TARGET = 13.1;
				MTL_ENABLE_DEBUG_INFO = INCLUDE_SOURCE;
				MTL_FAST_MATH = YES;
				ONLY_ACTIVE_ARCH = YES;
				SDKROOT = iphoneos;
				SWIFT_ACTIVE_COMPILATION_CONDITIONS = DEBUG;
				SWIFT_OPTIMIZATION_LEVEL = "-Onone";
			};
			name = Debug;
		};
		722A8954236F643E0030B009 /* Release */ = {
			isa = XCBuildConfiguration;
			buildSettings = {
				ALWAYS_SEARCH_USER_PATHS = NO;
				CLANG_ANALYZER_NONNULL = YES;
				CLANG_ANALYZER_NUMBER_OBJECT_CONVERSION = YES_AGGRESSIVE;
				CLANG_CXX_LANGUAGE_STANDARD = "gnu++14";
				CLANG_CXX_LIBRARY = "libc++";
				CLANG_ENABLE_MODULES = YES;
				CLANG_ENABLE_OBJC_ARC = YES;
				CLANG_ENABLE_OBJC_WEAK = YES;
				CLANG_WARN_BLOCK_CAPTURE_AUTORELEASING = YES;
				CLANG_WARN_BOOL_CONVERSION = YES;
				CLANG_WARN_COMMA = YES;
				CLANG_WARN_CONSTANT_CONVERSION = YES;
				CLANG_WARN_DEPRECATED_OBJC_IMPLEMENTATIONS = YES;
				CLANG_WARN_DIRECT_OBJC_ISA_USAGE = YES_ERROR;
				CLANG_WARN_DOCUMENTATION_COMMENTS = YES;
				CLANG_WARN_EMPTY_BODY = YES;
				CLANG_WARN_ENUM_CONVERSION = YES;
				CLANG_WARN_INFINITE_RECURSION = YES;
				CLANG_WARN_INT_CONVERSION = YES;
				CLANG_WARN_NON_LITERAL_NULL_CONVERSION = YES;
				CLANG_WARN_OBJC_IMPLICIT_RETAIN_SELF = YES;
				CLANG_WARN_OBJC_LITERAL_CONVERSION = YES;
				CLANG_WARN_OBJC_ROOT_CLASS = YES_ERROR;
				CLANG_WARN_RANGE_LOOP_ANALYSIS = YES;
				CLANG_WARN_STRICT_PROTOTYPES = YES;
				CLANG_WARN_SUSPICIOUS_MOVE = YES;
				CLANG_WARN_UNGUARDED_AVAILABILITY = YES_AGGRESSIVE;
				CLANG_WARN_UNREACHABLE_CODE = YES;
				CLANG_WARN__DUPLICATE_METHOD_MATCH = YES;
				COPY_PHASE_STRIP = NO;
				DEBUG_INFORMATION_FORMAT = "dwarf-with-dsym";
				ENABLE_NS_ASSERTIONS = NO;
				ENABLE_STRICT_OBJC_MSGSEND = YES;
				GCC_C_LANGUAGE_STANDARD = gnu11;
				GCC_NO_COMMON_BLOCKS = YES;
				GCC_WARN_64_TO_32_BIT_CONVERSION = YES;
				GCC_WARN_ABOUT_RETURN_TYPE = YES_ERROR;
				GCC_WARN_UNDECLARED_SELECTOR = YES;
				GCC_WARN_UNINITIALIZED_AUTOS = YES_AGGRESSIVE;
				GCC_WARN_UNUSED_FUNCTION = YES;
				GCC_WARN_UNUSED_VARIABLE = YES;
				IPHONEOS_DEPLOYMENT_TARGET = 13.1;
				MTL_ENABLE_DEBUG_INFO = NO;
				MTL_FAST_MATH = YES;
				SDKROOT = iphoneos;
				SWIFT_COMPILATION_MODE = wholemodule;
				SWIFT_OPTIMIZATION_LEVEL = "-O";
				VALIDATE_PRODUCT = YES;
			};
			name = Release;
		};
		722A8956236F643E0030B009 /* Debug */ = {
			isa = XCBuildConfiguration;
			baseConfigurationReference = 36D794BC0AE93474820CFDBB /* Pods-PracticePerfect.debug.xcconfig */;
			buildSettings = {
				ASSETCATALOG_COMPILER_APPICON_NAME = AppIcon;
				CODE_SIGN_STYLE = Automatic;
				DEVELOPMENT_ASSET_PATHS = "\"PracticePerfect/Preview Content\"";
				ENABLE_PREVIEWS = YES;
				INFOPLIST_FILE = PracticePerfect/Info.plist;
				LD_RUNPATH_SEARCH_PATHS = (
					"$(inherited)",
					"@executable_path/Frameworks",
				);
				PRODUCT_BUNDLE_IDENTIFIER = cs98.PracticePerfect;
				PRODUCT_NAME = "$(TARGET_NAME)";
				SWIFT_VERSION = 5.0;
				TARGETED_DEVICE_FAMILY = "1,2";
			};
			name = Debug;
		};
		722A8957236F643E0030B009 /* Release */ = {
			isa = XCBuildConfiguration;
			baseConfigurationReference = AE4CBC2ABD6D6E4986B1F28B /* Pods-PracticePerfect.release.xcconfig */;
			buildSettings = {
				ASSETCATALOG_COMPILER_APPICON_NAME = AppIcon;
				CODE_SIGN_STYLE = Automatic;
				DEVELOPMENT_ASSET_PATHS = "\"PracticePerfect/Preview Content\"";
				ENABLE_PREVIEWS = YES;
				INFOPLIST_FILE = PracticePerfect/Info.plist;
				LD_RUNPATH_SEARCH_PATHS = (
					"$(inherited)",
					"@executable_path/Frameworks",
				);
				PRODUCT_BUNDLE_IDENTIFIER = cs98.PracticePerfect;
				PRODUCT_NAME = "$(TARGET_NAME)";
				SWIFT_VERSION = 5.0;
				TARGETED_DEVICE_FAMILY = "1,2";
			};
			name = Release;
		};
/* End XCBuildConfiguration section */

/* Begin XCConfigurationList section */
		722A893C236F643C0030B009 /* Build configuration list for PBXProject "PracticePerfect" */ = {
			isa = XCConfigurationList;
			buildConfigurations = (
				722A8953236F643E0030B009 /* Debug */,
				722A8954236F643E0030B009 /* Release */,
			);
			defaultConfigurationIsVisible = 0;
			defaultConfigurationName = Release;
		};
		722A8955236F643E0030B009 /* Build configuration list for PBXNativeTarget "PracticePerfect" */ = {
			isa = XCConfigurationList;
			buildConfigurations = (
				722A8956236F643E0030B009 /* Debug */,
				722A8957236F643E0030B009 /* Release */,
			);
			defaultConfigurationIsVisible = 0;
			defaultConfigurationName = Release;
		};
/* End XCConfigurationList section */

/* Begin XCVersionGroup section */
		729620412373F6ED00706B82 /* PracticePerfect.xcdatamodeld */ = {
			isa = XCVersionGroup;
			children = (
				729620422373F6ED00706B82 /* PracticePerfect.xcdatamodel */,
			);
			currentVersion = 729620422373F6ED00706B82 /* PracticePerfect.xcdatamodel */;
			path = PracticePerfect.xcdatamodeld;
			sourceTree = "<group>";
			versionGroupType = wrapper.xcdatamodel;
		};
/* End XCVersionGroup section */
	};
	rootObject = 722A8939236F643C0030B009 /* Project object */;
}
