PODS:
  - AudioKit (4.9.3):
    - AudioKit/Core (= 4.9.3)
    - AudioKit/UI (= 4.9.3)
  - AudioKit/Core (4.9.3)
  - AudioKit/UI (4.9.3):
    - AudioKit/Core
  - SWXMLHash (5.0.1)

DEPENDENCIES:
  - AudioKit (~> 4.0)
  - SWXMLHash (~> 5.0.0)

SPEC REPOS:
  trunk:
    - AudioKit
    - SWXMLHash

SPEC CHECKSUMS:
  AudioKit: d025ecbb68f567bba15dab7ea80b8991155729f9
  SWXMLHash: 9cc0c2e4807926c74377724aa8722ee5707a0485

PODFILE CHECKSUM: a8f05d7cf38a912912fdd24d2a25bc195c7ca7d0

COCOAPODS: 1.8.4
